// !$*UTF8*$!
{
	archiveVersion = 1;
	classes = {
	};
	objectVersion = 46;
	objects = {

/* Begin PBXBuildFile section */
		69D1F261C6B1FFB86E1719EA /* Shaders.cpp in Sources */ = {isa = PBXBuildFile; fileRef = 69D1F270F1AA81503F24B3BC /* Shaders.cpp */; };
		69D1F60885B6AA4FD878D11E /* Engine.cpp in Sources */ = {isa = PBXBuildFile; fileRef = 69D1F923D1FE420B44B8581B /* Engine.cpp */; };
		69D1F9470B8C16B9935D4E76 /* main.cpp in Sources */ = {isa = PBXBuildFile; fileRef = 69D1F30D4FAF193A65F94010 /* main.cpp */; };
		E6D43765235D226000128703 /* OpenGL.framework in Frameworks */ = {isa = PBXBuildFile; fileRef = E6D43764235D226000128703 /* OpenGL.framework */; };
		E6D43767235D227500128703 /* libGLEW.2.1.0.dylib in Frameworks */ = {isa = PBXBuildFile; fileRef = E6D43766235D227500128703 /* libGLEW.2.1.0.dylib */; };
		E6D43769235D228A00128703 /* libglfw.3.3.dylib in Frameworks */ = {isa = PBXBuildFile; fileRef = E6D43768235D228A00128703 /* libglfw.3.3.dylib */; };
		E6ED268D235E91A000D5F241 /* Resources in CopyFiles */ = {isa = PBXBuildFile; fileRef = 69D1F9AE8689909441720E6A /* Resources */; };
/* End PBXBuildFile section */

/* Begin PBXCopyFilesBuildPhase section */
		69D1FCFCA67E8B701B5F8569 /* CopyFiles */ = {
			isa = PBXCopyFilesBuildPhase;
			buildActionMask = 12;
			dstPath = usr/share/man/man1;
			dstSubfolderSpec = 7;
			files = (
				E6ED268D235E91A000D5F241 /* Resources in CopyFiles */,
			);
			runOnlyForDeploymentPostprocessing = 0;
		};
/* End PBXCopyFilesBuildPhase section */

/* Begin PBXFileReference section */
		69D1F123D85F6918934AAFD8 /* Shaders.h */ = {isa = PBXFileReference; fileEncoding = 4; lastKnownFileType = sourcecode.c.h; name = Shaders.h; path = Graphics/Shaders.h; sourceTree = "<group>"; };
		69D1F270F1AA81503F24B3BC /* Shaders.cpp */ = {isa = PBXFileReference; fileEncoding = 4; lastKnownFileType = sourcecode.cpp.cpp; name = Shaders.cpp; path = Graphics/Shaders.cpp; sourceTree = "<group>"; };
		69D1F30D4FAF193A65F94010 /* main.cpp */ = {isa = PBXFileReference; lastKnownFileType = sourcecode.cpp.cpp; path = main.cpp; sourceTree = "<group>"; };
		69D1F716CF2A320DBB82B78A /* OpenGL Engine */ = {isa = PBXFileReference; explicitFileType = "compiled.mach-o.executable"; includeInIndex = 0; path = "OpenGL Engine"; sourceTree = BUILT_PRODUCTS_DIR; };
		69D1F923D1FE420B44B8581B /* Engine.cpp */ = {isa = PBXFileReference; fileEncoding = 4; lastKnownFileType = sourcecode.cpp.cpp; path = Engine.cpp; sourceTree = "<group>"; };
		69D1F9AE8689909441720E6A /* Resources */ = {isa = PBXFileReference; fileEncoding = 4; lastKnownFileType = folder; path = Resources; sourceTree = "<group>"; };
		69D1FBAD9E2F3B413B4E74E6 /* Engine.h */ = {isa = PBXFileReference; fileEncoding = 4; lastKnownFileType = sourcecode.c.h; path = Engine.h; sourceTree = "<group>"; };
		E6D43764235D226000128703 /* OpenGL.framework */ = {isa = PBXFileReference; lastKnownFileType = wrapper.framework; name = OpenGL.framework; path = System/Library/Frameworks/OpenGL.framework; sourceTree = SDKROOT; };
		E6D43766235D227500128703 /* libGLEW.2.1.0.dylib */ = {isa = PBXFileReference; lastKnownFileType = "compiled.mach-o.dylib"; name = libGLEW.2.1.0.dylib; path = ../../../usr/local/Cellar/glew/2.1.0/lib/libGLEW.2.1.0.dylib; sourceTree = "<group>"; };
		E6D43768235D228A00128703 /* libglfw.3.3.dylib */ = {isa = PBXFileReference; lastKnownFileType = "compiled.mach-o.dylib"; name = libglfw.3.3.dylib; path = ../../../usr/local/Cellar/glfw/3.3/lib/libglfw.3.3.dylib; sourceTree = "<group>"; };
/* End PBXFileReference section */

/* Begin PBXFrameworksBuildPhase section */
		69D1F75E3625A0EA914C0053 /* Frameworks */ = {
			isa = PBXFrameworksBuildPhase;
			buildActionMask = 2147483647;
			files = (
				E6D43769235D228A00128703 /* libglfw.3.3.dylib in Frameworks */,
				E6D43767235D227500128703 /* libGLEW.2.1.0.dylib in Frameworks */,
				E6D43765235D226000128703 /* OpenGL.framework in Frameworks */,
			);
			runOnlyForDeploymentPostprocessing = 0;
		};
/* End PBXFrameworksBuildPhase section */

/* Begin PBXGroup section */
		69D1F15A379D93A6F3B94B2D /* OpenGL Engine */ = {
			isa = PBXGroup;
			children = (
				69D1F30D4FAF193A65F94010 /* main.cpp */,
				69D1F923D1FE420B44B8581B /* Engine.cpp */,
				69D1FBAD9E2F3B413B4E74E6 /* Engine.h */,
				69D1F270F1AA81503F24B3BC /* Shaders.cpp */,
				69D1F123D85F6918934AAFD8 /* Shaders.h */,
				69D1F9AE8689909441720E6A /* Resources */,
			);
			path = "OpenGL Engine";
			sourceTree = "<group>";
		};
		69D1F4E9F7A75B8F59E3E780 = {
			isa = PBXGroup;
			children = (
				69D1FE61883BED6DBA2F4186 /* Products */,
				69D1F15A379D93A6F3B94B2D /* OpenGL Engine */,
				E6D43763235D226000128703 /* Frameworks */,
			);
			sourceTree = "<group>";
		};
		69D1FE61883BED6DBA2F4186 /* Products */ = {
			isa = PBXGroup;
			children = (
				69D1F716CF2A320DBB82B78A /* OpenGL Engine */,
			);
			name = Products;
			sourceTree = "<group>";
		};
		E6D43763235D226000128703 /* Frameworks */ = {
			isa = PBXGroup;
			children = (
				E6D43768235D228A00128703 /* libglfw.3.3.dylib */,
				E6D43766235D227500128703 /* libGLEW.2.1.0.dylib */,
				E6D43764235D226000128703 /* OpenGL.framework */,
			);
			name = Frameworks;
			sourceTree = "<group>";
		};
/* End PBXGroup section */

/* Begin PBXNativeTarget section */
		69D1FE2872C41A343946F044 /* OpenGL Engine */ = {
			isa = PBXNativeTarget;
			buildConfigurationList = 69D1F33C46DB4C71D88C1428 /* Build configuration list for PBXNativeTarget "OpenGL Engine" */;
			buildPhases = (
				69D1FB9E14988D17F0C556D8 /* Sources */,
				69D1F75E3625A0EA914C0053 /* Frameworks */,
				69D1FCFCA67E8B701B5F8569 /* CopyFiles */,
			);
			buildRules = (
			);
			dependencies = (
			);
			name = "OpenGL Engine";
			productName = "OpenGL Engine";
			productReference = 69D1F716CF2A320DBB82B78A /* OpenGL Engine */;
			productType = "com.apple.product-type.tool";
		};
/* End PBXNativeTarget section */

/* Begin PBXProject section */
		69D1F919708E71ACF0F95E2C /* Project object */ = {
			isa = PBXProject;
			attributes = {
				LastUpgradeCheck = 1110;
				ORGANIZATIONNAME = Korrecksoftware;
			};
			buildConfigurationList = 69D1FDA4AF4A172F17B98B10 /* Build configuration list for PBXProject "OpenGL Engine" */;
			compatibilityVersion = "Xcode 3.2";
			developmentRegion = en;
			hasScannedForEncodings = 0;
			knownRegions = (
				en,
				Base,
			);
			mainGroup = 69D1F4E9F7A75B8F59E3E780;
			productRefGroup = 69D1FE61883BED6DBA2F4186 /* Products */;
			projectDirPath = "";
			projectRoot = "";
			targets = (
				69D1FE2872C41A343946F044 /* OpenGL Engine */,
			);
		};
/* End PBXProject section */

/* Begin PBXSourcesBuildPhase section */
		69D1FB9E14988D17F0C556D8 /* Sources */ = {
			isa = PBXSourcesBuildPhase;
			buildActionMask = 2147483647;
			files = (
				69D1F9470B8C16B9935D4E76 /* main.cpp in Sources */,
				69D1F60885B6AA4FD878D11E /* Engine.cpp in Sources */,
				69D1F261C6B1FFB86E1719EA /* Shaders.cpp in Sources */,
			);
			runOnlyForDeploymentPostprocessing = 0;
		};
/* End PBXSourcesBuildPhase section */

/* Begin XCBuildConfiguration section */
		69D1F81A9831C70A1D6C13EC /* Debug */ = {
			isa = XCBuildConfiguration;
			buildSettings = {
				ALWAYS_SEARCH_USER_PATHS = NO;
				CLANG_ANALYZER_LOCALIZABILITY_NONLOCALIZED = YES;
				CLANG_ANALYZER_NONNULL = YES;
				CLANG_ANALYZER_NUMBER_OBJECT_CONVERSION = YES_AGGRESSIVE;
				CLANG_CXX_LANGUAGE_STANDARD = "gnu++14";
				CLANG_CXX_LIBRARY = "libc++";
				CLANG_ENABLE_MODULES = YES;
				CLANG_ENABLE_OBJC_ARC = YES;
				CLANG_ENABLE_OBJC_WEAK = YES;
				CLANG_WARN_BLOCK_CAPTURE_AUTORELEASING = YES;
				CLANG_WARN_BOOL_CONVERSION = YES;
				CLANG_WARN_COMMA = YES;
				CLANG_WARN_CONSTANT_CONVERSION = YES;
				CLANG_WARN_DEPRECATED_OBJC_IMPLEMENTATIONS = YES;
				CLANG_WARN_DIRECT_OBJC_ISA_USAGE = YES_ERROR;
				CLANG_WARN_DOCUMENTATION_COMMENTS = YES;
				CLANG_WARN_EMPTY_BODY = YES;
				CLANG_WARN_ENUM_CONVERSION = YES;
				CLANG_WARN_INFINITE_RECURSION = YES;
				CLANG_WARN_INT_CONVERSION = YES;
				CLANG_WARN_NON_LITERAL_NULL_CONVERSION = YES;
				CLANG_WARN_OBJC_IMPLICIT_RETAIN_SELF = YES;
				CLANG_WARN_OBJC_LITERAL_CONVERSION = YES;
				CLANG_WARN_OBJC_ROOT_CLASS = YES_ERROR;
				CLANG_WARN_RANGE_LOOP_ANALYSIS = YES;
				CLANG_WARN_STRICT_PROTOTYPES = YES;
				CLANG_WARN_SUSPICIOUS_MOVE = YES;
				CLANG_WARN_UNGUARDED_AVAILABILITY = YES_AGGRESSIVE;
				CLANG_WARN_UNREACHABLE_CODE = YES;
				CLANG_WARN__DUPLICATE_METHOD_MATCH = YES;
				COPY_PHASE_STRIP = NO;
				DEBUG_INFORMATION_FORMAT = dwarf;
				ENABLE_STRICT_OBJC_MSGSEND = YES;
				ENABLE_TESTABILITY = YES;
				GCC_C_LANGUAGE_STANDARD = gnu11;
				GCC_DYNAMIC_NO_PIC = NO;
				GCC_NO_COMMON_BLOCKS = YES;
				GCC_OPTIMIZATION_LEVEL = 0;
				GCC_PREPROCESSOR_DEFINITIONS = (
					"DEBUG=1",
					"$(inherited)",
				);
				GCC_WARN_64_TO_32_BIT_CONVERSION = YES;
				GCC_WARN_ABOUT_RETURN_TYPE = YES_ERROR;
				GCC_WARN_UNDECLARED_SELECTOR = YES;
				GCC_WARN_UNINITIALIZED_AUTOS = YES_AGGRESSIVE;
				GCC_WARN_UNUSED_FUNCTION = YES;
				GCC_WARN_UNUSED_VARIABLE = YES;
				HEADER_SEARCH_PATHS = "/usr/local/include/**";
				MACOSX_DEPLOYMENT_TARGET = 10.15;
				MTL_ENABLE_DEBUG_INFO = INCLUDE_SOURCE;
				MTL_FAST_MATH = YES;
				ONLY_ACTIVE_ARCH = YES;
				SDKROOT = macosx;
			};
			name = Debug;
		};
		69D1FAC01998C8AB942EF2B3 /* Debug */ = {
			isa = XCBuildConfiguration;
			buildSettings = {
				CODE_SIGN_IDENTITY = "-";
				HEADER_SEARCH_PATHS = /usr/local/include;
				LIBRARY_SEARCH_PATHS = (
					"$(inherited)",
					/usr/local/Cellar/glew/2.1.0/lib,
					/usr/local/Cellar/glfw/3.3/lib,
				);
				PRODUCT_NAME = "$(TARGET_NAME)";
			};
			name = Debug;
		};
		69D1FECF134B746FD44441E0 /* Release */ = {
			isa = XCBuildConfiguration;
			buildSettings = {
				ALWAYS_SEARCH_USER_PATHS = NO;
				CLANG_ANALYZER_LOCALIZABILITY_NONLOCALIZED = YES;
				CLANG_ANALYZER_NONNULL = YES;
				CLANG_ANALYZER_NUMBER_OBJECT_CONVERSION = YES_AGGRESSIVE;
				CLANG_CXX_LANGUAGE_STANDARD = "gnu++14";
				CLANG_CXX_LIBRARY = "libc++";
				CLANG_ENABLE_MODULES = YES;
				CLANG_ENABLE_OBJC_ARC = YES;
				CLANG_ENABLE_OBJC_WEAK = YES;
				CLANG_WARN_BLOCK_CAPTURE_AUTORELEASING = YES;
				CLANG_WARN_BOOL_CONVERSION = YES;
				CLANG_WARN_COMMA = YES;
				CLANG_WARN_CONSTANT_CONVERSION = YES;
				CLANG_WARN_DEPRECATED_OBJC_IMPLEMENTATIONS = YES;
				CLANG_WARN_DIRECT_OBJC_ISA_USAGE = YES_ERROR;
				CLANG_WARN_DOCUMENTATION_COMMENTS = YES;
				CLANG_WARN_EMPTY_BODY = YES;
				CLANG_WARN_ENUM_CONVERSION = YES;
				CLANG_WARN_INFINITE_RECURSION = YES;
				CLANG_WARN_INT_CONVERSION = YES;
				CLANG_WARN_NON_LITERAL_NULL_CONVERSION = YES;
				CLANG_WARN_OBJC_IMPLICIT_RETAIN_SELF = YES;
				CLANG_WARN_OBJC_LITERAL_CONVERSION = YES;
				CLANG_WARN_OBJC_ROOT_CLASS = YES_ERROR;
				CLANG_WARN_RANGE_LOOP_ANALYSIS = YES;
				CLANG_WARN_STRICT_PROTOTYPES = YES;
				CLANG_WARN_SUSPICIOUS_MOVE = YES;
				CLANG_WARN_UNGUARDED_AVAILABILITY = YES_AGGRESSIVE;
				CLANG_WARN_UNREACHABLE_CODE = YES;
				CLANG_WARN__DUPLICATE_METHOD_MATCH = YES;
				COPY_PHASE_STRIP = NO;
				DEBUG_INFORMATION_FORMAT = "dwarf-with-dsym";
				ENABLE_NS_ASSERTIONS = NO;
				ENABLE_STRICT_OBJC_MSGSEND = YES;
				GCC_C_LANGUAGE_STANDARD = gnu11;
				GCC_NO_COMMON_BLOCKS = YES;
				GCC_WARN_64_TO_32_BIT_CONVERSION = YES;
				GCC_WARN_ABOUT_RETURN_TYPE = YES_ERROR;
				GCC_WARN_UNDECLARED_SELECTOR = YES;
				GCC_WARN_UNINITIALIZED_AUTOS = YES_AGGRESSIVE;
				GCC_WARN_UNUSED_FUNCTION = YES;
				GCC_WARN_UNUSED_VARIABLE = YES;
				HEADER_SEARCH_PATHS = "/usr/local/include/**";
				MACOSX_DEPLOYMENT_TARGET = 10.15;
				MTL_ENABLE_DEBUG_INFO = NO;
				MTL_FAST_MATH = YES;
				SDKROOT = macosx;
			};
			name = Release;
		};
		69D1FFE28DF75E718C0089DC /* Release */ = {
			isa = XCBuildConfiguration;
			buildSettings = {
				CODE_SIGN_IDENTITY = "-";
				HEADER_SEARCH_PATHS = /usr/local/include;
				LIBRARY_SEARCH_PATHS = (
					"$(inherited)",
					/usr/local/Cellar/glew/2.1.0/lib,
					/usr/local/Cellar/glfw/3.3/lib,
				);
				PRODUCT_NAME = "$(TARGET_NAME)";
			};
			name = Release;
		};
/* End XCBuildConfiguration section */

/* Begin XCConfigurationList section */
		69D1F33C46DB4C71D88C1428 /* Build configuration list for PBXNativeTarget "OpenGL Engine" */ = {
			isa = XCConfigurationList;
			buildConfigurations = (
				69D1FAC01998C8AB942EF2B3 /* Debug */,
				69D1FFE28DF75E718C0089DC /* Release */,
			);
			defaultConfigurationIsVisible = 0;
			defaultConfigurationName = Release;
		};
		69D1FDA4AF4A172F17B98B10 /* Build configuration list for PBXProject "OpenGL Engine" */ = {
			isa = XCConfigurationList;
			buildConfigurations = (
				69D1F81A9831C70A1D6C13EC /* Debug */,
				69D1FECF134B746FD44441E0 /* Release */,
			);
			defaultConfigurationIsVisible = 0;
			defaultConfigurationName = Release;
		};
/* End XCConfigurationList section */
	};
	rootObject = 69D1F919708E71ACF0F95E2C /* Project object */;
}
